
Microsoft Visual Studio Solution File, Format Version 12.00
# Visual Studio Version 17
VisualStudioVersion = 17.3.32804.467
MinimumVisualStudioVersion = 10.0.40219.1
Project("{9A19103F-16F7-4668-BE54-9A1E7A4F7556}") = "HomeWork3", "HomeWork3\HomeWork3.csproj", "{7A9D8C8E-B605-4C10-9ECC-73B2940FE09E}"
EndProject
Project("{FAE04EC0-301F-11D3-BF4B-00C04F79EFBC}") = "Lang", "Lang\Lang.csproj", "{69497FD4-5121-42F3-8EF8-783EFCA8C6ED}"
EndProject
Global
	GlobalSection(SolutionConfigurationPlatforms) = preSolution
		Debug|Any CPU = Debug|Any CPU
		Release|Any CPU = Release|Any CPU
	EndGlobalSection
	GlobalSection(ProjectConfigurationPlatforms) = postSolution
		{7A9D8C8E-B605-4C10-9ECC-73B2940FE09E}.Debug|Any CPU.ActiveCfg = Debug|Any CPU
		{7A9D8C8E-B605-4C10-9ECC-73B2940FE09E}.Debug|Any CPU.Build.0 = Debug|Any CPU
		{7A9D8C8E-B605-4C10-9ECC-73B2940FE09E}.Release|Any CPU.ActiveCfg = Release|Any CPU
		{7A9D8C8E-B605-4C10-9ECC-73B2940FE09E}.Release|Any CPU.Build.0 = Release|Any CPU
		{69497FD4-5121-42F3-8EF8-783EFCA8C6ED}.Debug|Any CPU.ActiveCfg = Debug|Any CPU
		{69497FD4-5121-42F3-8EF8-783EFCA8C6ED}.Debug|Any CPU.Build.0 = Debug|Any CPU
		{69497FD4-5121-42F3-8EF8-783EFCA8C6ED}.Release|Any CPU.ActiveCfg = Release|Any CPU
		{69497FD4-5121-42F3-8EF8-783EFCA8C6ED}.Release|Any CPU.Build.0 = Release|Any CPU
	EndGlobalSection
	GlobalSection(SolutionProperties) = preSolution
		HideSolutionNode = FALSE
	EndGlobalSection
	GlobalSection(ExtensibilityGlobals) = postSolution
		SolutionGuid = {C531DD65-DADC-4E94-A59E-229D29B5E140}
	EndGlobalSection
EndGlobal
